
Microsoft Visual Studio Solution File, Format Version 12.00
# Visual Studio Version 17
VisualStudioVersion = 17.0.31903.59
MinimumVisualStudioVersion = 10.0.40219.1
Project("{2150E333-8FDC-42A3-9474-1A3956D46DE8}") = "src", "src", "{827E0CD3-B72D-47B6-A68D-7590B98EB39B}"
EndProject
Project("{FAE04EC0-301F-11D3-BF4B-00C04F79EFBC}") = "Application", "src\Application\Application.csproj", "{E7C94005-FE6C-4B7A-9F65-60BBAE743B80}"
EndProject
Project("{FAE04EC0-301F-11D3-BF4B-00C04F79EFBC}") = "Common", "src\Common\Common.csproj", "{3B8B2CA4-61B2-406C-A146-E5476C707AE0}"
EndProject
Project("{FAE04EC0-301F-11D3-BF4B-00C04F79EFBC}") = "Domain", "src\Domain\Domain.csproj", "{A5932A74-98F7-4B40-9D0A-142A92DF6E07}"
EndProject
Project("{FAE04EC0-301F-11D3-BF4B-00C04F79EFBC}") = "Infrastructure", "src\Infrastructure\Infrastructure.csproj", "{782E92AD-1D0C-4710-AB9D-0670C7D211EA}"
EndProject
Project("{2150E333-8FDC-42A3-9474-1A3956D46DE8}") = "tests", "tests", "{0AB3BF05-4346-4AA6-1389-037BE0695223}"
EndProject
Project("{FAE04EC0-301F-11D3-BF4B-00C04F79EFBC}") = "UnitTests", "tests\UnitTests\UnitTests.csproj", "{BE943C83-31A1-4C5C-8D46-91C9854B6786}"
EndProject
Project("{FAE04EC0-301F-11D3-BF4B-00C04F79EFBC}") = "Api", "src\Api\Api.csproj", "{A4C00864-A65B-4F22-B0A6-94A0A5231A0D}"
EndProject
Global
	GlobalSection(SolutionConfigurationPlatforms) = preSolution
		Debug|Any CPU = Debug|Any CPU
		Debug|x64 = Debug|x64
		Debug|x86 = Debug|x86
		Release|Any CPU = Release|Any CPU
		Release|x64 = Release|x64
		Release|x86 = Release|x86
	EndGlobalSection
	GlobalSection(ProjectConfigurationPlatforms) = postSolution
		{E7C94005-FE6C-4B7A-9F65-60BBAE743B80}.Debug|Any CPU.ActiveCfg = Debug|Any CPU
		{E7C94005-FE6C-4B7A-9F65-60BBAE743B80}.Debug|Any CPU.Build.0 = Debug|Any CPU
		{E7C94005-FE6C-4B7A-9F65-60BBAE743B80}.Debug|x64.ActiveCfg = Debug|Any CPU
		{E7C94005-FE6C-4B7A-9F65-60BBAE743B80}.Debug|x64.Build.0 = Debug|Any CPU
		{E7C94005-FE6C-4B7A-9F65-60BBAE743B80}.Debug|x86.ActiveCfg = Debug|Any CPU
		{E7C94005-FE6C-4B7A-9F65-60BBAE743B80}.Debug|x86.Build.0 = Debug|Any CPU
		{E7C94005-FE6C-4B7A-9F65-60BBAE743B80}.Release|Any CPU.ActiveCfg = Release|Any CPU
		{E7C94005-FE6C-4B7A-9F65-60BBAE743B80}.Release|Any CPU.Build.0 = Release|Any CPU
		{E7C94005-FE6C-4B7A-9F65-60BBAE743B80}.Release|x64.ActiveCfg = Release|Any CPU
		{E7C94005-FE6C-4B7A-9F65-60BBAE743B80}.Release|x64.Build.0 = Release|Any CPU
		{E7C94005-FE6C-4B7A-9F65-60BBAE743B80}.Release|x86.ActiveCfg = Release|Any CPU
		{E7C94005-FE6C-4B7A-9F65-60BBAE743B80}.Release|x86.Build.0 = Release|Any CPU
		{3B8B2CA4-61B2-406C-A146-E5476C707AE0}.Debug|Any CPU.ActiveCfg = Debug|Any CPU
		{3B8B2CA4-61B2-406C-A146-E5476C707AE0}.Debug|Any CPU.Build.0 = Debug|Any CPU
		{3B8B2CA4-61B2-406C-A146-E5476C707AE0}.Debug|x64.ActiveCfg = Debug|Any CPU
		{3B8B2CA4-61B2-406C-A146-E5476C707AE0}.Debug|x64.Build.0 = Debug|Any CPU
		{3B8B2CA4-61B2-406C-A146-E5476C707AE0}.Debug|x86.ActiveCfg = Debug|Any CPU
		{3B8B2CA4-61B2-406C-A146-E5476C707AE0}.Debug|x86.Build.0 = Debug|Any CPU
		{3B8B2CA4-61B2-406C-A146-E5476C707AE0}.Release|Any CPU.ActiveCfg = Release|Any CPU
		{3B8B2CA4-61B2-406C-A146-E5476C707AE0}.Release|Any CPU.Build.0 = Release|Any CPU
		{3B8B2CA4-61B2-406C-A146-E5476C707AE0}.Release|x64.ActiveCfg = Release|Any CPU
		{3B8B2CA4-61B2-406C-A146-E5476C707AE0}.Release|x64.Build.0 = Release|Any CPU
		{3B8B2CA4-61B2-406C-A146-E5476C707AE0}.Release|x86.ActiveCfg = Release|Any CPU
		{3B8B2CA4-61B2-406C-A146-E5476C707AE0}.Release|x86.Build.0 = Release|Any CPU
		{A5932A74-98F7-4B40-9D0A-142A92DF6E07}.Debug|Any CPU.ActiveCfg = Debug|Any CPU
		{A5932A74-98F7-4B40-9D0A-142A92DF6E07}.Debug|Any CPU.Build.0 = Debug|Any CPU
		{A5932A74-98F7-4B40-9D0A-142A92DF6E07}.Debug|x64.ActiveCfg = Debug|Any CPU
		{A5932A74-98F7-4B40-9D0A-142A92DF6E07}.Debug|x64.Build.0 = Debug|Any CPU
		{A5932A74-98F7-4B40-9D0A-142A92DF6E07}.Debug|x86.ActiveCfg = Debug|Any CPU
		{A5932A74-98F7-4B40-9D0A-142A92DF6E07}.Debug|x86.Build.0 = Debug|Any CPU
		{A5932A74-98F7-4B40-9D0A-142A92DF6E07}.Release|Any CPU.ActiveCfg = Release|Any CPU
		{A5932A74-98F7-4B40-9D0A-142A92DF6E07}.Release|Any CPU.Build.0 = Release|Any CPU
		{A5932A74-98F7-4B40-9D0A-142A92DF6E07}.Release|x64.ActiveCfg = Release|Any CPU
		{A5932A74-98F7-4B40-9D0A-142A92DF6E07}.Release|x64.Build.0 = Release|Any CPU
		{A5932A74-98F7-4B40-9D0A-142A92DF6E07}.Release|x86.ActiveCfg = Release|Any CPU
		{A5932A74-98F7-4B40-9D0A-142A92DF6E07}.Release|x86.Build.0 = Release|Any CPU
		{782E92AD-1D0C-4710-AB9D-0670C7D211EA}.Debug|Any CPU.ActiveCfg = Debug|Any CPU
		{782E92AD-1D0C-4710-AB9D-0670C7D211EA}.Debug|Any CPU.Build.0 = Debug|Any CPU
		{782E92AD-1D0C-4710-AB9D-0670C7D211EA}.Debug|x64.ActiveCfg = Debug|Any CPU
		{782E92AD-1D0C-4710-AB9D-0670C7D211EA}.Debug|x64.Build.0 = Debug|Any CPU
		{782E92AD-1D0C-4710-AB9D-0670C7D211EA}.Debug|x86.ActiveCfg = Debug|Any CPU
		{782E92AD-1D0C-4710-AB9D-0670C7D211EA}.Debug|x86.Build.0 = Debug|Any CPU
		{782E92AD-1D0C-4710-AB9D-0670C7D211EA}.Release|Any CPU.ActiveCfg = Release|Any CPU
		{782E92AD-1D0C-4710-AB9D-0670C7D211EA}.Release|Any CPU.Build.0 = Release|Any CPU
		{782E92AD-1D0C-4710-AB9D-0670C7D211EA}.Release|x64.ActiveCfg = Release|Any CPU
		{782E92AD-1D0C-4710-AB9D-0670C7D211EA}.Release|x64.Build.0 = Release|Any CPU
		{782E92AD-1D0C-4710-AB9D-0670C7D211EA}.Release|x86.ActiveCfg = Release|Any CPU
		{782E92AD-1D0C-4710-AB9D-0670C7D211EA}.Release|x86.Build.0 = Release|Any CPU
		{BE943C83-31A1-4C5C-8D46-91C9854B6786}.Debug|Any CPU.ActiveCfg = Debug|Any CPU
		{BE943C83-31A1-4C5C-8D46-91C9854B6786}.Debug|Any CPU.Build.0 = Debug|Any CPU
		{BE943C83-31A1-4C5C-8D46-91C9854B6786}.Debug|x64.ActiveCfg = Debug|Any CPU
		{BE943C83-31A1-4C5C-8D46-91C9854B6786}.Debug|x64.Build.0 = Debug|Any CPU
		{BE943C83-31A1-4C5C-8D46-91C9854B6786}.Debug|x86.ActiveCfg = Debug|Any CPU
		{BE943C83-31A1-4C5C-8D46-91C9854B6786}.Debug|x86.Build.0 = Debug|Any CPU
		{BE943C83-31A1-4C5C-8D46-91C9854B6786}.Release|Any CPU.ActiveCfg = Release|Any CPU
		{BE943C83-31A1-4C5C-8D46-91C9854B6786}.Release|Any CPU.Build.0 = Release|Any CPU
		{BE943C83-31A1-4C5C-8D46-91C9854B6786}.Release|x64.ActiveCfg = Release|Any CPU
		{BE943C83-31A1-4C5C-8D46-91C9854B6786}.Release|x64.Build.0 = Release|Any CPU
		{BE943C83-31A1-4C5C-8D46-91C9854B6786}.Release|x86.ActiveCfg = Release|Any CPU
		{BE943C83-31A1-4C5C-8D46-91C9854B6786}.Release|x86.Build.0 = Release|Any CPU
		{A4C00864-A65B-4F22-B0A6-94A0A5231A0D}.Debug|Any CPU.ActiveCfg = Debug|Any CPU
		{A4C00864-A65B-4F22-B0A6-94A0A5231A0D}.Debug|Any CPU.Build.0 = Debug|Any CPU
		{A4C00864-A65B-4F22-B0A6-94A0A5231A0D}.Debug|x64.ActiveCfg = Debug|Any CPU
		{A4C00864-A65B-4F22-B0A6-94A0A5231A0D}.Debug|x64.Build.0 = Debug|Any CPU
		{A4C00864-A65B-4F22-B0A6-94A0A5231A0D}.Debug|x86.ActiveCfg = Debug|Any CPU
		{A4C00864-A65B-4F22-B0A6-94A0A5231A0D}.Debug|x86.Build.0 = Debug|Any CPU
		{A4C00864-A65B-4F22-B0A6-94A0A5231A0D}.Release|Any CPU.ActiveCfg = Release|Any CPU
		{A4C00864-A65B-4F22-B0A6-94A0A5231A0D}.Release|Any CPU.Build.0 = Release|Any CPU
		{A4C00864-A65B-4F22-B0A6-94A0A5231A0D}.Release|x64.ActiveCfg = Release|Any CPU
		{A4C00864-A65B-4F22-B0A6-94A0A5231A0D}.Release|x64.Build.0 = Release|Any CPU
		{A4C00864-A65B-4F22-B0A6-94A0A5231A0D}.Release|x86.ActiveCfg = Release|Any CPU
		{A4C00864-A65B-4F22-B0A6-94A0A5231A0D}.Release|x86.Build.0 = Release|Any CPU
	EndGlobalSection
	GlobalSection(SolutionProperties) = preSolution
		HideSolutionNode = FALSE
	EndGlobalSection
	GlobalSection(NestedProjects) = preSolution
		{E7C94005-FE6C-4B7A-9F65-60BBAE743B80} = {827E0CD3-B72D-47B6-A68D-7590B98EB39B}
		{3B8B2CA4-61B2-406C-A146-E5476C707AE0} = {827E0CD3-B72D-47B6-A68D-7590B98EB39B}
		{A5932A74-98F7-4B40-9D0A-142A92DF6E07} = {827E0CD3-B72D-47B6-A68D-7590B98EB39B}
		{782E92AD-1D0C-4710-AB9D-0670C7D211EA} = {827E0CD3-B72D-47B6-A68D-7590B98EB39B}
		{BE943C83-31A1-4C5C-8D46-91C9854B6786} = {0AB3BF05-4346-4AA6-1389-037BE0695223}
		{A4C00864-A65B-4F22-B0A6-94A0A5231A0D} = {827E0CD3-B72D-47B6-A68D-7590B98EB39B}
	EndGlobalSection
EndGlobal
